{
  "version": 4,
  "terraform_version": "1.15.5",
  "serial": 5,
  "lineage": "52260687-e76e-0dc7-6ee0-34e8dc5c191e",
  "outputs": {
    "network_security_group_id": {
      "value": "/subscriptions/e73a66e6-c12f-47a2-9ddf-d379d2334969/resourceGroups/tf-rg-feat/providers/Microsoft.Network/networkSecurityGroups/NSG-tf",
      "type": "string"
    },
    "resource_group_id": {
      "value": "/subscriptions/e73a66e6-c12f-47a2-9ddf-d379d2334969/resourceGroups/tf-rg-feat",
      "type": "string"
    },
    "resource_group_location": {
      "value": "canadacentral",
      "type": "string"
    },
    "resource_group_name": {
      "value": "tf-rg-feat",
      "type": "string"
    },
    "virtual_network_id": {
      "value": "/subscriptions/e73a66e6-c12f-47a2-9ddf-d379d2334969/resourceGroups/tf-rg-feat/providers/Microsoft.Network/virtualNetworks/vnet-tf",
      "type": "string"
    }
  },
  "resources": [
    {
      "mode": "managed",
      "type": "azurerm_network_security_group",
      "name": "main",
      "provider": "provider[\"registry.terraform.io/hashicorp/azurerm\"]",
      "instances": [
        {
          "schema_version": 0,
          "attributes": {
            "id": "/subscriptions/e73a66e6-c12f-47a2-9ddf-d379d2334969/resourceGroups/tf-rg-feat/providers/Microsoft.Network/networkSecurityGroups/NSG-tf",
            "location": "canadacentral",
            "name": "NSG-tf",
            "resource_group_name": "tf-rg-feat",
            "security_rule": [],
            "tags": null,
            "timeouts": null
          },
          "sensitive_attributes": [],
          "identity_schema_version": 0,
          "identity": {
            "name": "NSG-tf",
            "resource_group_name": "tf-rg-feat",
            "subscription_id": "e73a66e6-c12f-47a2-9ddf-d379d2334969"
          },
          "private": "eyJlMmJmYjczMC1lY2FhLTExZTYtOGY4OC0zNDM2M2JjN2M0YzAiOnsiY3JlYXRlIjoxODAwMDAwMDAwMDAwLCJkZWxldGUiOjE4MDAwMDAwMDAwMDAsInJlYWQiOjMwMDAwMDAwMDAwMCwidXBkYXRlIjoxODAwMDAwMDAwMDAwfX0=",
          "dependencies": [
            "azurerm_resource_group.main"
          ]
        }
      ]
    },
    {
      "mode": "managed",
      "type": "azurerm_resource_group",
      "name": "main",
      "provider": "provider[\"registry.terraform.io/hashicorp/azurerm\"]",
      "instances": [
        {
          "schema_version": 0,
          "attributes": {
            "id": "/subscriptions/e73a66e6-c12f-47a2-9ddf-d379d2334969/resourceGroups/tf-rg-feat",
            "location": "canadacentral",
            "managed_by": "",
            "name": "tf-rg-feat",
            "tags": {},
            "timeouts": null
          },
          "sensitive_attributes": [],
          "identity_schema_version": 0,
          "identity": {
            "name": "tf-rg-feat",
            "subscription_id": "e73a66e6-c12f-47a2-9ddf-d379d2334969"
          },
          "private": "eyJlMmJmYjczMC1lY2FhLTExZTYtOGY4OC0zNDM2M2JjN2M0YzAiOnsiY3JlYXRlIjo1NDAwMDAwMDAwMDAwLCJkZWxldGUiOjU0MDAwMDAwMDAwMDAsInJlYWQiOjMwMDAwMDAwMDAwMCwidXBkYXRlIjo1NDAwMDAwMDAwMDAwfX0="
        }
      ]
    },
    {
      "mode": "managed",
      "type": "azurerm_virtual_network",
      "name": "main",
      "provider": "provider[\"registry.terraform.io/hashicorp/azurerm\"]",
      "instances": [
        {
          "schema_version": 0,
          "attributes": {
            "address_space": [
              "10.0.0.0/16"
            ],
            "bgp_community": "",
            "ddos_protection_plan": [],
            "dns_servers": [
              "10.0.0.4",
              "10.0.0.5"
            ],
            "edge_zone": "",
            "encryption": [],
            "flow_timeout_in_minutes": 0,
            "guid": "0448a023-a5df-4d9a-9cad-0f63ce3d44fa",
            "id": "/subscriptions/e73a66e6-c12f-47a2-9ddf-d379d2334969/resourceGroups/tf-rg-feat/providers/Microsoft.Network/virtualNetworks/vnet-tf",
            "ip_address_pool": [],
            "location": "canadacentral",
            "name": "vnet-tf",
            "private_endpoint_vnet_policies": "Disabled",
            "resource_group_name": "tf-rg-feat",
            "subnet": [
              {
                "address_prefixes": [
                  "10.0.1.0/24"
                ],
                "default_outbound_access_enabled": true,
                "delegation": [],
                "id": "/subscriptions/e73a66e6-c12f-47a2-9ddf-d379d2334969/resourceGroups/tf-rg-feat/providers/Microsoft.Network/virtualNetworks/vnet-tf/subnets/subnet1-tf",
                "name": "subnet1-tf",
                "private_endpoint_network_policies": "Disabled",
                "private_link_service_network_policies_enabled": true,
                "route_table_id": "",
                "security_group": "",
                "service_endpoint_policy_ids": [],
                "service_endpoints": []
              },
              {
                "address_prefixes": [
                  "10.0.2.0/24"
                ],
                "default_outbound_access_enabled": true,
                "delegation": [],
                "id": "/subscriptions/e73a66e6-c12f-47a2-9ddf-d379d2334969/resourceGroups/tf-rg-feat/providers/Microsoft.Network/virtualNetworks/vnet-tf/subnets/subnet2-tf",
                "name": "subnet2-tf",
                "private_endpoint_network_policies": "Disabled",
                "private_link_service_network_policies_enabled": true,
                "route_table_id": "",
                "security_group": "/subscriptions/e73a66e6-c12f-47a2-9ddf-d379d2334969/resourceGroups/tf-rg-feat/providers/Microsoft.Network/networkSecurityGroups/NSG-tf",
                "service_endpoint_policy_ids": [],
                "service_endpoints": []
              }
            ],
            "tags": {
              "environment": "development"
            },
            "timeouts": null
          },
          "sensitive_attributes": [],
          "identity_schema_version": 0,
          "identity": {
            "name": "vnet-tf",
            "resource_group_name": "tf-rg-feat",
            "subscription_id": "e73a66e6-c12f-47a2-9ddf-d379d2334969"
          },
          "private": "eyJlMmJmYjczMC1lY2FhLTExZTYtOGY4OC0zNDM2M2JjN2M0YzAiOnsiY3JlYXRlIjoxODAwMDAwMDAwMDAwLCJkZWxldGUiOjE4MDAwMDAwMDAwMDAsInJlYWQiOjMwMDAwMDAwMDAwMCwidXBkYXRlIjoxODAwMDAwMDAwMDAwfX0=",
          "dependencies": [
            "azurerm_network_security_group.main",
            "azurerm_resource_group.main"
          ]
        }
      ]
    }
  ],
  "check_results": null
}
